{
  "name": "@pangolin/stylelint-config",
  "version": "1.1.0",
  "lockfileVersion": 1,
  "requires": true,
  "dependencies": {
    "acorn": {
      "version": "5.7.2",
      "dev": true
    },
    "acorn-jsx": {
      "version": "4.1.1",
      "dev": true,
      "requires": {
        "acorn": "^5.0.3"
      }
    },
    "ajv": {
      "version": "6.5.3",
      "dev": true,
      "requires": {
        "fast-deep-equal": "^2.0.1",
        "fast-json-stable-stringify": "^2.0.0",
        "json-schema-traverse": "^0.4.1",
        "uri-js": "^4.2.2"
      }
    },
    "ajv-keywords": {
      "version": "3.2.0",
      "dev": true
    },
    "ansi-escapes": {
      "version": "3.1.0",
      "dev": true
    },
    "ansi-regex": {
      "version": "2.1.1",
      "dev": true
    },
    "ansi-styles": {
      "version": "3.2.1",
      "requires": {
        "color-convert": "^1.9.0"
      }
    },
    "argparse": {
      "version": "1.0.10",
      "dev": true,
      "requires": {
        "sprintf-js": "~1.0.2"
      }
    },
    "array-union": {
      "version": "1.0.2",
      "dev": true,
      "requires": {
        "array-uniq": "^1.0.1"
      }
    },
    "array-uniq": {
      "version": "1.0.3",
      "dev": true
    },
    "arrify": {
      "version": "1.0.1",
      "dev": true
    },
    "babel-code-frame": {
      "version": "6.26.0",
      "dev": true,
      "requires": {
        "chalk": "^1.1.3",
        "esutils": "^2.0.2",
        "js-tokens": "^3.0.2"
      },
      "dependencies": {
        "ansi-styles": {
          "version": "2.2.1",
          "dev": true
        },
        "chalk": {
          "version": "1.1.3",
          "dev": true,
          "requires": {
            "ansi-styles": "^2.2.1",
            "escape-string-regexp": "^1.0.2",
            "has-ansi": "^2.0.0",
            "strip-ansi": "^3.0.0",
            "supports-color": "^2.0.0"
          }
        },
        "strip-ansi": {
          "version": "3.0.1",
          "dev": true,
          "requires": {
            "ansi-regex": "^2.0.0"
          }
        },
        "supports-color": {
          "version": "2.0.0",
          "dev": true
        }
      }
    },
    "balanced-match": {
      "version": "1.0.0",
      "dev": true
    },
    "brace-expansion": {
      "version": "1.1.11",
      "dev": true,
      "requires": {
        "balanced-match": "^1.0.0",
        "concat-map": "0.0.1"
      }
    },
    "builtin-modules": {
      "version": "1.1.1",
      "dev": true
    },
    "caller-path": {
      "version": "0.1.0",
      "dev": true,
      "requires": {
        "callsites": "^0.2.0"
      }
    },
    "callsites": {
      "version": "0.2.0",
      "dev": true
    },
    "chalk": {
      "version": "2.4.1",
      "requires": {
        "ansi-styles": "^3.2.1",
        "escape-string-regexp": "^1.0.5",
        "supports-color": "^5.3.0"
      }
    },
    "chardet": {
      "version": "0.4.2",
      "dev": true
    },
    "circular-json": {
      "version": "0.3.3",
      "dev": true
    },
    "cli-cursor": {
      "version": "2.1.0",
      "dev": true,
      "requires": {
        "restore-cursor": "^2.0.0"
      }
    },
    "cli-width": {
      "version": "2.2.0",
      "dev": true
    },
    "color-convert": {
      "version": "1.9.2",
      "requires": {
        "color-name": "1.1.1"
      }
    },
    "color-name": {
      "version": "1.1.1"
    },
    "concat-map": {
      "version": "0.0.1",
      "dev": true
    },
    "contains-path": {
      "version": "0.1.0",
      "dev": true
    },
    "cross-spawn": {
      "version": "6.0.5",
      "dev": true,
      "requires": {
        "nice-try": "^1.0.4",
        "path-key": "^2.0.1",
        "semver": "^5.5.0",
        "shebang-command": "^1.2.0",
        "which": "^1.2.9"
      }
    },
    "cssesc": {
      "version": "1.0.1"
    },
    "debug": {
      "version": "2.6.9",
      "dev": true,
      "requires": {
        "ms": "2.0.0"
      }
    },
    "deep-is": {
      "version": "0.1.3",
      "dev": true
    },
    "del": {
      "version": "2.2.2",
      "dev": true,
      "requires": {
        "globby": "^5.0.0",
        "is-path-cwd": "^1.0.0",
        "is-path-in-cwd": "^1.0.0",
        "object-assign": "^4.0.1",
        "pify": "^2.0.0",
        "pinkie-promise": "^2.0.0",
        "rimraf": "^2.2.8"
      }
    },
    "doctrine": {
      "version": "1.5.0",
      "dev": true,
      "requires": {
        "esutils": "^2.0.2",
        "isarray": "^1.0.0"
      }
    },
    "dot-prop": {
      "version": "4.2.0",
      "requires": {
        "is-obj": "^1.0.0"
      }
    },
    "error-ex": {
      "version": "1.3.2",
      "dev": true,
      "requires": {
        "is-arrayish": "^0.2.1"
      }
    },
    "escape-string-regexp": {
      "version": "1.0.5"
    },
    "eslint": {
      "version": "5.4.0",
      "dev": true,
      "requires": {
        "ajv": "^6.5.0",
        "babel-code-frame": "^6.26.0",
        "chalk": "^2.1.0",
        "cross-spawn": "^6.0.5",
        "debug": "^3.1.0",
        "doctrine": "^2.1.0",
        "eslint-scope": "^4.0.0",
        "eslint-utils": "^1.3.1",
        "eslint-visitor-keys": "^1.0.0",
        "espree": "^4.0.0",
        "esquery": "^1.0.1",
        "esutils": "^2.0.2",
        "file-entry-cache": "^2.0.0",
        "functional-red-black-tree": "^1.0.1",
        "glob": "^7.1.2",
        "globals": "^11.7.0",
        "ignore": "^4.0.2",
        "imurmurhash": "^0.1.4",
        "inquirer": "^5.2.0",
        "is-resolvable": "^1.1.0",
        "js-yaml": "^3.11.0",
        "json-stable-stringify-without-jsonify": "^1.0.1",
        "levn": "^0.3.0",
        "lodash": "^4.17.5",
        "minimatch": "^3.0.4",
        "mkdirp": "^0.5.1",
        "natural-compare": "^1.4.0",
        "optionator": "^0.8.2",
        "path-is-inside": "^1.0.2",
        "pluralize": "^7.0.0",
        "progress": "^2.0.0",
        "regexpp": "^2.0.0",
        "require-uncached": "^1.0.3",
        "semver": "^5.5.0",
        "strip-ansi": "^4.0.0",
        "strip-json-comments": "^2.0.1",
        "table": "^4.0.3",
        "text-table": "^0.2.0"
      },
      "dependencies": {
        "debug": {
          "version": "3.1.0",
          "dev": true,
          "requires": {
            "ms": "2.0.0"
          }
        },
        "doctrine": {
          "version": "2.1.0",
          "dev": true,
          "requires": {
            "esutils": "^2.0.2"
          }
        }
      }
    },
    "eslint-config-standard": {
      "version": "11.0.0",
      "dev": true
    },
    "eslint-import-resolver-node": {
      "version": "0.3.2",
      "dev": true,
      "requires": {
        "debug": "^2.6.9",
        "resolve": "^1.5.0"
      }
    },
    "eslint-module-utils": {
      "version": "2.2.0",
      "dev": true,
      "requires": {
        "debug": "^2.6.8",
        "pkg-dir": "^1.0.0"
      }
    },
    "eslint-plugin-es": {
      "version": "1.3.1",
      "dev": true,
      "requires": {
        "eslint-utils": "^1.3.0",
        "regexpp": "^2.0.0"
      }
    },
    "eslint-plugin-import": {
      "version": "2.14.0",
      "dev": true,
      "requires": {
        "contains-path": "^0.1.0",
        "debug": "^2.6.8",
        "doctrine": "1.5.0",
        "eslint-import-resolver-node": "^0.3.1",
        "eslint-module-utils": "^2.2.0",
        "has": "^1.0.1",
        "lodash": "^4.17.4",
        "minimatch": "^3.0.3",
        "read-pkg-up": "^2.0.0",
        "resolve": "^1.6.0"
      }
    },
    "eslint-plugin-node": {
      "version": "7.0.1",
      "dev": true,
      "requires": {
        "eslint-plugin-es": "^1.3.1",
        "eslint-utils": "^1.3.1",
        "ignore": "^4.0.2",
        "minimatch": "^3.0.4",
        "resolve": "^1.8.1",
        "semver": "^5.5.0"
      }
    },
    "eslint-plugin-promise": {
      "version": "4.0.0",
      "dev": true
    },
    "eslint-plugin-standard": {
      "version": "3.1.0",
      "dev": true
    },
    "eslint-scope": {
      "version": "4.0.0",
      "dev": true,
      "requires": {
        "esrecurse": "^4.1.0",
        "estraverse": "^4.1.1"
      }
    },
    "eslint-utils": {
      "version": "1.3.1",
      "dev": true
    },
    "eslint-visitor-keys": {
      "version": "1.0.0",
      "dev": true
    },
    "espree": {
      "version": "4.0.0",
      "dev": true,
      "requires": {
        "acorn": "^5.6.0",
        "acorn-jsx": "^4.1.1"
      }
    },
    "esprima": {
      "version": "4.0.1",
      "dev": true
    },
    "esquery": {
      "version": "1.0.1",
      "dev": true,
      "requires": {
        "estraverse": "^4.0.0"
      }
    },
    "esrecurse": {
      "version": "4.2.1",
      "dev": true,
      "requires": {
        "estraverse": "^4.1.0"
      }
    },
    "estraverse": {
      "version": "4.2.0",
      "dev": true
    },
    "esutils": {
      "version": "2.0.2",
      "dev": true
    },
    "external-editor": {
      "version": "2.2.0",
      "dev": true,
      "requires": {
        "chardet": "^0.4.0",
        "iconv-lite": "^0.4.17",
        "tmp": "^0.0.33"
      }
    },
    "fast-deep-equal": {
      "version": "2.0.1",
      "dev": true
    },
    "fast-json-stable-stringify": {
      "version": "2.0.0",
      "dev": true
    },
    "fast-levenshtein": {
      "version": "2.0.6",
      "dev": true
    },
    "figures": {
      "version": "2.0.0",
      "dev": true,
      "requires": {
        "escape-string-regexp": "^1.0.5"
      }
    },
    "file-entry-cache": {
      "version": "2.0.0",
      "dev": true,
      "requires": {
        "flat-cache": "^1.2.1",
        "object-assign": "^4.0.1"
      }
    },
    "find-up": {
      "version": "2.1.0",
      "dev": true,
      "requires": {
        "locate-path": "^2.0.0"
      }
    },
    "flat-cache": {
      "version": "1.3.0",
      "dev": true,
      "requires": {
        "circular-json": "^0.3.1",
        "del": "^2.0.2",
        "graceful-fs": "^4.1.2",
        "write": "^0.2.1"
      }
    },
    "fs.realpath": {
      "version": "1.0.0",
      "dev": true
    },
    "function-bind": {
      "version": "1.1.1",
      "dev": true
    },
    "functional-red-black-tree": {
      "version": "1.0.1",
      "dev": true
    },
    "glob": {
      "version": "7.1.3",
      "dev": true,
      "requires": {
        "fs.realpath": "^1.0.0",
        "inflight": "^1.0.4",
        "inherits": "2",
        "minimatch": "^3.0.4",
        "once": "^1.3.0",
        "path-is-absolute": "^1.0.0"
      }
    },
    "globals": {
      "version": "11.7.0",
      "dev": true
    },
    "globby": {
      "version": "5.0.0",
      "dev": true,
      "requires": {
        "array-union": "^1.0.1",
        "arrify": "^1.0.0",
        "glob": "^7.0.3",
        "object-assign": "^4.0.1",
        "pify": "^2.0.0",
        "pinkie-promise": "^2.0.0"
      }
    },
    "graceful-fs": {
      "version": "4.1.11",
      "dev": true
    },
    "has": {
      "version": "1.0.3",
      "dev": true,
      "requires": {
        "function-bind": "^1.1.1"
      }
    },
    "has-ansi": {
      "version": "2.0.0",
      "dev": true,
      "requires": {
        "ansi-regex": "^2.0.0"
      }
    },
    "has-flag": {
      "version": "3.0.0"
    },
    "hosted-git-info": {
      "version": "2.7.1",
      "dev": true
    },
    "iconv-lite": {
      "version": "0.4.24",
      "dev": true,
      "requires": {
        "safer-buffer": ">= 2.1.2 < 3"
      }
    },
    "ignore": {
      "version": "4.0.6",
      "dev": true
    },
    "imurmurhash": {
      "version": "0.1.4",
      "dev": true
    },
    "indexes-of": {
      "version": "1.0.1"
    },
    "inflight": {
      "version": "1.0.6",
      "dev": true,
      "requires": {
        "once": "^1.3.0",
        "wrappy": "1"
      }
    },
    "inherits": {
      "version": "2.0.3",
      "dev": true
    },
    "inquirer": {
      "version": "5.2.0",
      "dev": true,
      "requires": {
        "ansi-escapes": "^3.0.0",
        "chalk": "^2.0.0",
        "cli-cursor": "^2.1.0",
        "cli-width": "^2.0.0",
        "external-editor": "^2.1.0",
        "figures": "^2.0.0",
        "lodash": "^4.3.0",
        "mute-stream": "0.0.7",
        "run-async": "^2.2.0",
        "rxjs": "^5.5.2",
        "string-width": "^2.1.0",
        "strip-ansi": "^4.0.0",
        "through": "^2.3.6"
      }
    },
    "is-arrayish": {
      "version": "0.2.1",
      "dev": true
    },
    "is-builtin-module": {
      "version": "1.0.0",
      "dev": true,
      "requires": {
        "builtin-modules": "^1.0.0"
      }
    },
    "is-fullwidth-code-point": {
      "version": "2.0.0",
      "dev": true
    },
    "is-obj": {
      "version": "1.0.1"
    },
    "is-path-cwd": {
      "version": "1.0.0",
      "dev": true
    },
    "is-path-in-cwd": {
      "version": "1.0.1",
      "dev": true,
      "requires": {
        "is-path-inside": "^1.0.0"
      }
    },
    "is-path-inside": {
      "version": "1.0.1",
      "dev": true,
      "requires": {
        "path-is-inside": "^1.0.1"
      }
    },
    "is-promise": {
      "version": "2.1.0",
      "dev": true
    },
    "is-resolvable": {
      "version": "1.1.0",
      "dev": true
    },
    "isarray": {
      "version": "1.0.0",
      "dev": true
    },
    "isexe": {
      "version": "2.0.0",
      "dev": true
    },
    "js-tokens": {
      "version": "3.0.2",
      "dev": true
    },
    "js-yaml": {
      "version": "3.12.0",
      "dev": true,
      "requires": {
        "argparse": "^1.0.7",
        "esprima": "^4.0.0"
      }
    },
    "json-schema-traverse": {
      "version": "0.4.1",
      "dev": true
    },
    "json-stable-stringify-without-jsonify": {
      "version": "1.0.1",
      "dev": true
    },
    "levn": {
      "version": "0.3.0",
      "dev": true,
      "requires": {
        "prelude-ls": "~1.1.2",
        "type-check": "~0.3.2"
      }
    },
    "load-json-file": {
      "version": "2.0.0",
      "dev": true,
      "requires": {
        "graceful-fs": "^4.1.2",
        "parse-json": "^2.2.0",
        "pify": "^2.0.0",
        "strip-bom": "^3.0.0"
      }
    },
    "locate-path": {
      "version": "2.0.0",
      "dev": true,
      "requires": {
        "p-locate": "^2.0.0",
        "path-exists": "^3.0.0"
      },
      "dependencies": {
        "path-exists": {
          "version": "3.0.0",
          "dev": true
        }
      }
    },
    "lodash": {
      "version": "4.17.10"
    },
    "mimic-fn": {
      "version": "1.2.0",
      "dev": true
    },
    "minimatch": {
      "version": "3.0.4",
      "dev": true,
      "requires": {
        "brace-expansion": "^1.1.7"
      }
    },
    "minimist": {
      "version": "0.0.8",
      "dev": true
    },
    "mkdirp": {
      "version": "0.5.1",
      "dev": true,
      "requires": {
        "minimist": "0.0.8"
      }
    },
    "ms": {
      "version": "2.0.0",
      "dev": true
    },
    "mute-stream": {
      "version": "0.0.7",
      "dev": true
    },
    "natural-compare": {
      "version": "1.4.0",
      "dev": true
    },
    "nice-try": {
      "version": "1.0.5",
      "dev": true
    },
    "normalize-package-data": {
      "version": "2.4.0",
      "dev": true,
      "requires": {
        "hosted-git-info": "^2.1.4",
        "is-builtin-module": "^1.0.0",
        "semver": "2 || 3 || 4 || 5",
        "validate-npm-package-license": "^3.0.1"
      }
    },
    "object-assign": {
      "version": "4.1.1",
      "dev": true
    },
    "once": {
      "version": "1.4.0",
      "dev": true,
      "requires": {
        "wrappy": "1"
      }
    },
    "onetime": {
      "version": "2.0.1",
      "dev": true,
      "requires": {
        "mimic-fn": "^1.0.0"
      }
    },
    "optionator": {
      "version": "0.8.2",
      "dev": true,
      "requires": {
        "deep-is": "~0.1.3",
        "fast-levenshtein": "~2.0.4",
        "levn": "~0.3.0",
        "prelude-ls": "~1.1.2",
        "type-check": "~0.3.2",
        "wordwrap": "~1.0.0"
      }
    },
    "os-tmpdir": {
      "version": "1.0.2",
      "dev": true
    },
    "p-limit": {
      "version": "1.3.0",
      "dev": true,
      "requires": {
        "p-try": "^1.0.0"
      }
    },
    "p-locate": {
      "version": "2.0.0",
      "dev": true,
      "requires": {
        "p-limit": "^1.1.0"
      }
    },
    "p-try": {
      "version": "1.0.0",
      "dev": true
    },
    "parse-json": {
      "version": "2.2.0",
      "dev": true,
      "requires": {
        "error-ex": "^1.2.0"
      }
    },
    "path-exists": {
      "version": "2.1.0",
      "dev": true,
      "requires": {
        "pinkie-promise": "^2.0.0"
      }
    },
    "path-is-absolute": {
      "version": "1.0.1",
      "dev": true
    },
    "path-is-inside": {
      "version": "1.0.2",
      "dev": true
    },
    "path-key": {
      "version": "2.0.1",
      "dev": true
    },
    "path-parse": {
      "version": "1.0.6",
      "dev": true
    },
    "path-type": {
      "version": "2.0.0",
      "dev": true,
      "requires": {
        "pify": "^2.0.0"
      }
    },
    "pify": {
      "version": "2.3.0",
      "dev": true
    },
    "pinkie": {
      "version": "2.0.4",
      "dev": true
    },
    "pinkie-promise": {
      "version": "2.0.1",
      "dev": true,
      "requires": {
        "pinkie": "^2.0.0"
      }
    },
    "pkg-dir": {
      "version": "1.0.0",
      "dev": true,
      "requires": {
        "find-up": "^1.0.0"
      },
      "dependencies": {
        "find-up": {
          "version": "1.1.2",
          "dev": true,
          "requires": {
            "path-exists": "^2.0.0",
            "pinkie-promise": "^2.0.0"
          }
        }
      }
    },
    "pluralize": {
      "version": "7.0.0",
      "dev": true
    },
    "postcss": {
      "version": "6.0.23",
      "requires": {
        "chalk": "^2.4.1",
        "source-map": "^0.6.1",
        "supports-color": "^5.4.0"
      }
    },
    "postcss-media-query-parser": {
      "version": "0.2.3"
    },
    "postcss-resolve-nested-selector": {
      "version": "0.1.1"
    },
    "postcss-selector-parser": {
      "version": "4.0.0",
      "requires": {
        "cssesc": "^1.0.1",
        "indexes-of": "^1.0.1",
        "uniq": "^1.0.1"
      }
    },
    "postcss-sorting": {
      "version": "4.0.0",
      "requires": {
        "lodash": "^4.17.4",
        "postcss": "^7.0.0"
      },
      "dependencies": {
        "postcss": {
          "version": "7.0.2",
          "requires": {
            "chalk": "^2.4.1",
            "source-map": "^0.6.1",
            "supports-color": "^5.4.0"
          }
        }
      }
    },
    "postcss-value-parser": {
      "version": "3.3.0"
    },
    "prelude-ls": {
      "version": "1.1.2",
      "dev": true
    },
    "progress": {
      "version": "2.0.0",
      "dev": true
    },
    "punycode": {
      "version": "2.1.1",
      "dev": true
    },
    "read-pkg": {
      "version": "2.0.0",
      "dev": true,
      "requires": {
        "load-json-file": "^2.0.0",
        "normalize-package-data": "^2.3.2",
        "path-type": "^2.0.0"
      }
    },
    "read-pkg-up": {
      "version": "2.0.0",
      "dev": true,
      "requires": {
        "find-up": "^2.0.0",
        "read-pkg": "^2.0.0"
      }
    },
    "regexpp": {
      "version": "2.0.0",
      "dev": true
    },
    "require-uncached": {
      "version": "1.0.3",
      "dev": true,
      "requires": {
        "caller-path": "^0.1.0",
        "resolve-from": "^1.0.0"
      }
    },
    "resolve": {
      "version": "1.8.1",
      "dev": true,
      "requires": {
        "path-parse": "^1.0.5"
      }
    },
    "resolve-from": {
      "version": "1.0.1",
      "dev": true
    },
    "restore-cursor": {
      "version": "2.0.0",
      "dev": true,
      "requires": {
        "onetime": "^2.0.0",
        "signal-exit": "^3.0.2"
      }
    },
    "rimraf": {
      "version": "2.6.2",
      "dev": true,
      "requires": {
        "glob": "^7.0.5"
      }
    },
    "run-async": {
      "version": "2.3.0",
      "dev": true,
      "requires": {
        "is-promise": "^2.1.0"
      }
    },
    "rxjs": {
      "version": "5.5.11",
      "dev": true,
      "requires": {
        "symbol-observable": "1.0.1"
      }
    },
    "safer-buffer": {
      "version": "2.1.2",
      "dev": true
    },
    "semver": {
      "version": "5.5.1",
      "dev": true
    },
    "shebang-command": {
      "version": "1.2.0",
      "dev": true,
      "requires": {
        "shebang-regex": "^1.0.0"
      }
    },
    "shebang-regex": {
      "version": "1.0.0",
      "dev": true
    },
    "signal-exit": {
      "version": "3.0.2",
      "dev": true
    },
    "slice-ansi": {
      "version": "1.0.0",
      "dev": true,
      "requires": {
        "is-fullwidth-code-point": "^2.0.0"
      }
    },
    "source-map": {
      "version": "0.6.1"
    },
    "spdx-correct": {
      "version": "3.0.0",
      "dev": true,
      "requires": {
        "spdx-expression-parse": "^3.0.0",
        "spdx-license-ids": "^3.0.0"
      }
    },
    "spdx-exceptions": {
      "version": "2.1.0",
      "dev": true
    },
    "spdx-expression-parse": {
      "version": "3.0.0",
      "dev": true,
      "requires": {
        "spdx-exceptions": "^2.1.0",
        "spdx-license-ids": "^3.0.0"
      }
    },
    "spdx-license-ids": {
      "version": "3.0.0",
      "dev": true
    },
    "sprintf-js": {
      "version": "1.0.3",
      "dev": true
    },
    "string-width": {
      "version": "2.1.1",
      "dev": true,
      "requires": {
        "is-fullwidth-code-point": "^2.0.0",
        "strip-ansi": "^4.0.0"
      }
    },
    "strip-ansi": {
      "version": "4.0.0",
      "dev": true,
      "requires": {
        "ansi-regex": "^3.0.0"
      },
      "dependencies": {
        "ansi-regex": {
          "version": "3.0.0",
          "dev": true
        }
      }
    },
    "strip-bom": {
      "version": "3.0.0",
      "dev": true
    },
    "strip-json-comments": {
      "version": "2.0.1",
      "dev": true
    },
    "stylelint-config-sass-guidelines": {
      "version": "5.0.0",
      "requires": {
        "stylelint-order": "^0.8.0",
        "stylelint-scss": "^2.0.0"
      },
      "dependencies": {
        "postcss-selector-parser": {
          "version": "3.1.1",
          "requires": {
            "dot-prop": "^4.1.1",
            "indexes-of": "^1.0.1",
            "uniq": "^1.0.1"
          }
        },
        "postcss-sorting": {
          "version": "3.1.0",
          "requires": {
            "lodash": "^4.17.4",
            "postcss": "^6.0.13"
          }
        },
        "stylelint-order": {
          "version": "0.8.1",
          "requires": {
            "lodash": "^4.17.4",
            "postcss": "^6.0.14",
            "postcss-sorting": "^3.1.0"
          }
        },
        "stylelint-scss": {
          "version": "2.5.0",
          "requires": {
            "lodash": "^4.17.4",
            "postcss-media-query-parser": "^0.2.3",
            "postcss-resolve-nested-selector": "^0.1.1",
            "postcss-selector-parser": "^3.1.1",
            "postcss-value-parser": "^3.3.0"
          }
        }
      }
    },
    "stylelint-order": {
      "version": "1.0.0",
      "requires": {
        "lodash": "^4.17.10",
        "postcss": "^7.0.2",
        "postcss-sorting": "^4.0.0"
      },
      "dependencies": {
        "postcss": {
          "version": "7.0.2",
          "requires": {
            "chalk": "^2.4.1",
            "source-map": "^0.6.1",
            "supports-color": "^5.4.0"
          }
        }
      }
    },
    "stylelint-scss": {
      "version": "3.3.0",
      "requires": {
        "lodash": "^4.17.10",
        "postcss-media-query-parser": "^0.2.3",
        "postcss-resolve-nested-selector": "^0.1.1",
        "postcss-selector-parser": "^4.0.0",
        "postcss-value-parser": "^3.3.0"
      }
    },
    "supports-color": {
      "version": "5.5.0",
      "requires": {
        "has-flag": "^3.0.0"
      }
    },
    "symbol-observable": {
      "version": "1.0.1",
      "dev": true
    },
    "table": {
      "version": "4.0.3",
      "dev": true,
      "requires": {
        "ajv": "^6.0.1",
        "ajv-keywords": "^3.0.0",
        "chalk": "^2.1.0",
        "lodash": "^4.17.4",
        "slice-ansi": "1.0.0",
        "string-width": "^2.1.1"
      }
    },
    "text-table": {
      "version": "0.2.0",
      "dev": true
    },
    "through": {
      "version": "2.3.8",
      "dev": true
    },
    "tmp": {
      "version": "0.0.33",
      "dev": true,
      "requires": {
        "os-tmpdir": "~1.0.2"
      }
    },
    "type-check": {
      "version": "0.3.2",
      "dev": true,
      "requires": {
        "prelude-ls": "~1.1.2"
      }
    },
    "uniq": {
      "version": "1.0.1"
    },
    "uri-js": {
      "version": "4.2.2",
      "dev": true,
      "requires": {
        "punycode": "^2.1.0"
      }
    },
    "validate-npm-package-license": {
      "version": "3.0.4",
      "dev": true,
      "requires": {
        "spdx-correct": "^3.0.0",
        "spdx-expression-parse": "^3.0.0"
      }
    },
    "which": {
      "version": "1.3.1",
      "dev": true,
      "requires": {
        "isexe": "^2.0.0"
      }
    },
    "wordwrap": {
      "version": "1.0.0",
      "dev": true
    },
    "wrappy": {
      "version": "1.0.2",
      "dev": true
    },
    "write": {
      "version": "0.2.1",
      "dev": true,
      "requires": {
        "mkdirp": "^0.5.1"
      }
    }
  }
}
